
Microsoft Visual Studio Solution File, Format Version 12.00
# Visual Studio Version 16
VisualStudioVersion = 16.0.28803.202
MinimumVisualStudioVersion = 10.0.40219.1
Project("{FAE04EC0-301F-11D3-BF4B-00C04F79EFBC}") = "GPSDemo.UWP", "GPSDemo\GPSDemo.UWP\GPSDemo.UWP.csproj", "{23856C6F-1927-4F52-9652-20998BA5C2B6}"
EndProject
Project("{FAE04EC0-301F-11D3-BF4B-00C04F79EFBC}") = "GPSDemo.Android", "GPSDemo\GPSDemo.Android\GPSDemo.Android.csproj", "{7F1A1A47-F2D5-4D53-9A3B-684D16A4EC3B}"
EndProject
Project("{FAE04EC0-301F-11D3-BF4B-00C04F79EFBC}") = "GPSDemo.iOS", "GPSDemo\GPSDemo.iOS\GPSDemo.iOS.csproj", "{B311413D-A912-459D-90E2-F64D7F156F7F}"
EndProject
Project("{FAE04EC0-301F-11D3-BF4B-00C04F79EFBC}") = "GPSDemo", "GPSDemo\GPSDemo\GPSDemo.csproj", "{B832AFAB-521D-45CF-A40F-B78E57B2BF7F}"
EndProject
Global
	GlobalSection(SolutionConfigurationPlatforms) = preSolution
		Debug|Any CPU = Debug|Any CPU
		Debug|ARM = Debug|ARM
		Debug|iPhone = Debug|iPhone
		Debug|iPhoneSimulator = Debug|iPhoneSimulator
		Debug|x64 = Debug|x64
		Debug|x86 = Debug|x86
		Release|Any CPU = Release|Any CPU
		Release|ARM = Release|ARM
		Release|iPhone = Release|iPhone
		Release|iPhoneSimulator = Release|iPhoneSimulator
		Release|x64 = Release|x64
		Release|x86 = Release|x86
	EndGlobalSection
	GlobalSection(ProjectConfigurationPlatforms) = postSolution
		{23856C6F-1927-4F52-9652-20998BA5C2B6}.Debug|Any CPU.ActiveCfg = Debug|x86
		{23856C6F-1927-4F52-9652-20998BA5C2B6}.Debug|Any CPU.Build.0 = Debug|x86
		{23856C6F-1927-4F52-9652-20998BA5C2B6}.Debug|Any CPU.Deploy.0 = Debug|x86
		{23856C6F-1927-4F52-9652-20998BA5C2B6}.Debug|ARM.ActiveCfg = Debug|ARM
		{23856C6F-1927-4F52-9652-20998BA5C2B6}.Debug|ARM.Build.0 = Debug|ARM
		{23856C6F-1927-4F52-9652-20998BA5C2B6}.Debug|ARM.Deploy.0 = Debug|ARM
		{23856C6F-1927-4F52-9652-20998BA5C2B6}.Debug|iPhone.ActiveCfg = Debug|x86
		{23856C6F-1927-4F52-9652-20998BA5C2B6}.Debug|iPhone.Build.0 = Debug|x86
		{23856C6F-1927-4F52-9652-20998BA5C2B6}.Debug|iPhone.Deploy.0 = Debug|x86
		{23856C6F-1927-4F52-9652-20998BA5C2B6}.Debug|iPhoneSimulator.ActiveCfg = Debug|x86
		{23856C6F-1927-4F52-9652-20998BA5C2B6}.Debug|iPhoneSimulator.Build.0 = Debug|x86
		{23856C6F-1927-4F52-9652-20998BA5C2B6}.Debug|iPhoneSimulator.Deploy.0 = Debug|x86
		{23856C6F-1927-4F52-9652-20998BA5C2B6}.Debug|x64.ActiveCfg = Debug|x64
		{23856C6F-1927-4F52-9652-20998BA5C2B6}.Debug|x64.Build.0 = Debug|x64
		{23856C6F-1927-4F52-9652-20998BA5C2B6}.Debug|x64.Deploy.0 = Debug|x64
		{23856C6F-1927-4F52-9652-20998BA5C2B6}.Debug|x86.ActiveCfg = Debug|x86
		{23856C6F-1927-4F52-9652-20998BA5C2B6}.Debug|x86.Build.0 = Debug|x86
		{23856C6F-1927-4F52-9652-20998BA5C2B6}.Debug|x86.Deploy.0 = Debug|x86
		{23856C6F-1927-4F52-9652-20998BA5C2B6}.Release|Any CPU.ActiveCfg = Release|x86
		{23856C6F-1927-4F52-9652-20998BA5C2B6}.Release|Any CPU.Build.0 = Release|x86
		{23856C6F-1927-4F52-9652-20998BA5C2B6}.Release|Any CPU.Deploy.0 = Release|x86
		{23856C6F-1927-4F52-9652-20998BA5C2B6}.Release|ARM.ActiveCfg = Release|ARM
		{23856C6F-1927-4F52-9652-20998BA5C2B6}.Release|ARM.Build.0 = Release|ARM
		{23856C6F-1927-4F52-9652-20998BA5C2B6}.Release|ARM.Deploy.0 = Release|ARM
		{23856C6F-1927-4F52-9652-20998BA5C2B6}.Release|iPhone.ActiveCfg = Release|x86
		{23856C6F-1927-4F52-9652-20998BA5C2B6}.Release|iPhone.Build.0 = Release|x86
		{23856C6F-1927-4F52-9652-20998BA5C2B6}.Release|iPhone.Deploy.0 = Release|x86
		{23856C6F-1927-4F52-9652-20998BA5C2B6}.Release|iPhoneSimulator.ActiveCfg = Release|x86
		{23856C6F-1927-4F52-9652-20998BA5C2B6}.Release|iPhoneSimulator.Build.0 = Release|x86
		{23856C6F-1927-4F52-9652-20998BA5C2B6}.Release|iPhoneSimulator.Deploy.0 = Release|x86
		{23856C6F-1927-4F52-9652-20998BA5C2B6}.Release|x64.ActiveCfg = Release|x64
		{23856C6F-1927-4F52-9652-20998BA5C2B6}.Release|x64.Build.0 = Release|x64
		{23856C6F-1927-4F52-9652-20998BA5C2B6}.Release|x64.Deploy.0 = Release|x64
		{23856C6F-1927-4F52-9652-20998BA5C2B6}.Release|x86.ActiveCfg = Release|x86
		{23856C6F-1927-4F52-9652-20998BA5C2B6}.Release|x86.Build.0 = Release|x86
		{23856C6F-1927-4F52-9652-20998BA5C2B6}.Release|x86.Deploy.0 = Release|x86
		{7F1A1A47-F2D5-4D53-9A3B-684D16A4EC3B}.Debug|Any CPU.ActiveCfg = Debug|Any CPU
		{7F1A1A47-F2D5-4D53-9A3B-684D16A4EC3B}.Debug|Any CPU.Build.0 = Debug|Any CPU
		{7F1A1A47-F2D5-4D53-9A3B-684D16A4EC3B}.Debug|Any CPU.Deploy.0 = Debug|Any CPU
		{7F1A1A47-F2D5-4D53-9A3B-684D16A4EC3B}.Debug|ARM.ActiveCfg = Debug|Any CPU
		{7F1A1A47-F2D5-4D53-9A3B-684D16A4EC3B}.Debug|ARM.Build.0 = Debug|Any CPU
		{7F1A1A47-F2D5-4D53-9A3B-684D16A4EC3B}.Debug|ARM.Deploy.0 = Debug|Any CPU
		{7F1A1A47-F2D5-4D53-9A3B-684D16A4EC3B}.Debug|iPhone.ActiveCfg = Debug|Any CPU
		{7F1A1A47-F2D5-4D53-9A3B-684D16A4EC3B}.Debug|iPhone.Build.0 = Debug|Any CPU
		{7F1A1A47-F2D5-4D53-9A3B-684D16A4EC3B}.Debug|iPhone.Deploy.0 = Debug|Any CPU
		{7F1A1A47-F2D5-4D53-9A3B-684D16A4EC3B}.Debug|iPhoneSimulator.ActiveCfg = Debug|Any CPU
		{7F1A1A47-F2D5-4D53-9A3B-684D16A4EC3B}.Debug|iPhoneSimulator.Build.0 = Debug|Any CPU
		{7F1A1A47-F2D5-4D53-9A3B-684D16A4EC3B}.Debug|iPhoneSimulator.Deploy.0 = Debug|Any CPU
		{7F1A1A47-F2D5-4D53-9A3B-684D16A4EC3B}.Debug|x64.ActiveCfg = Debug|Any CPU
		{7F1A1A47-F2D5-4D53-9A3B-684D16A4EC3B}.Debug|x64.Build.0 = Debug|Any CPU
		{7F1A1A47-F2D5-4D53-9A3B-684D16A4EC3B}.Debug|x64.Deploy.0 = Debug|Any CPU
		{7F1A1A47-F2D5-4D53-9A3B-684D16A4EC3B}.Debug|x86.ActiveCfg = Debug|Any CPU
		{7F1A1A47-F2D5-4D53-9A3B-684D16A4EC3B}.Debug|x86.Build.0 = Debug|Any CPU
		{7F1A1A47-F2D5-4D53-9A3B-684D16A4EC3B}.Debug|x86.Deploy.0 = Debug|Any CPU
		{7F1A1A47-F2D5-4D53-9A3B-684D16A4EC3B}.Release|Any CPU.ActiveCfg = Release|Any CPU
		{7F1A1A47-F2D5-4D53-9A3B-684D16A4EC3B}.Release|Any CPU.Build.0 = Release|Any CPU
		{7F1A1A47-F2D5-4D53-9A3B-684D16A4EC3B}.Release|Any CPU.Deploy.0 = Release|Any CPU
		{7F1A1A47-F2D5-4D53-9A3B-684D16A4EC3B}.Release|ARM.ActiveCfg = Release|Any CPU
		{7F1A1A47-F2D5-4D53-9A3B-684D16A4EC3B}.Release|ARM.Build.0 = Release|Any CPU
		{7F1A1A47-F2D5-4D53-9A3B-684D16A4EC3B}.Release|ARM.Deploy.0 = Release|Any CPU
		{7F1A1A47-F2D5-4D53-9A3B-684D16A4EC3B}.Release|iPhone.ActiveCfg = Release|Any CPU
		{7F1A1A47-F2D5-4D53-9A3B-684D16A4EC3B}.Release|iPhone.Build.0 = Release|Any CPU
		{7F1A1A47-F2D5-4D53-9A3B-684D16A4EC3B}.Release|iPhone.Deploy.0 = Release|Any CPU
		{7F1A1A47-F2D5-4D53-9A3B-684D16A4EC3B}.Release|iPhoneSimulator.ActiveCfg = Release|Any CPU
		{7F1A1A47-F2D5-4D53-9A3B-684D16A4EC3B}.Release|iPhoneSimulator.Build.0 = Release|Any CPU
		{7F1A1A47-F2D5-4D53-9A3B-684D16A4EC3B}.Release|iPhoneSimulator.Deploy.0 = Release|Any CPU
		{7F1A1A47-F2D5-4D53-9A3B-684D16A4EC3B}.Release|x64.ActiveCfg = Release|Any CPU
		{7F1A1A47-F2D5-4D53-9A3B-684D16A4EC3B}.Release|x64.Build.0 = Release|Any CPU
		{7F1A1A47-F2D5-4D53-9A3B-684D16A4EC3B}.Release|x64.Deploy.0 = Release|Any CPU
		{7F1A1A47-F2D5-4D53-9A3B-684D16A4EC3B}.Release|x86.ActiveCfg = Release|Any CPU
		{7F1A1A47-F2D5-4D53-9A3B-684D16A4EC3B}.Release|x86.Build.0 = Release|Any CPU
		{7F1A1A47-F2D5-4D53-9A3B-684D16A4EC3B}.Release|x86.Deploy.0 = Release|Any CPU
		{B311413D-A912-459D-90E2-F64D7F156F7F}.Debug|Any CPU.ActiveCfg = Debug|iPhone
		{B311413D-A912-459D-90E2-F64D7F156F7F}.Debug|Any CPU.Build.0 = Debug|iPhone
		{B311413D-A912-459D-90E2-F64D7F156F7F}.Debug|Any CPU.Deploy.0 = Debug|iPhone
		{B311413D-A912-459D-90E2-F64D7F156F7F}.Debug|ARM.ActiveCfg = Debug|iPhoneSimulator
		{B311413D-A912-459D-90E2-F64D7F156F7F}.Debug|ARM.Build.0 = Debug|iPhoneSimulator
		{B311413D-A912-459D-90E2-F64D7F156F7F}.Debug|ARM.Deploy.0 = Debug|iPhoneSimulator
		{B311413D-A912-459D-90E2-F64D7F156F7F}.Debug|iPhone.ActiveCfg = Debug|iPhone
		{B311413D-A912-459D-90E2-F64D7F156F7F}.Debug|iPhone.Build.0 = Debug|iPhone
		{B311413D-A912-459D-90E2-F64D7F156F7F}.Debug|iPhone.Deploy.0 = Debug|iPhone
		{B311413D-A912-459D-90E2-F64D7F156F7F}.Debug|iPhoneSimulator.ActiveCfg = Debug|iPhoneSimulator
		{B311413D-A912-459D-90E2-F64D7F156F7F}.Debug|iPhoneSimulator.Build.0 = Debug|iPhoneSimulator
		{B311413D-A912-459D-90E2-F64D7F156F7F}.Debug|iPhoneSimulator.Deploy.0 = Debug|iPhoneSimulator
		{B311413D-A912-459D-90E2-F64D7F156F7F}.Debug|x64.ActiveCfg = Debug|iPhone
		{B311413D-A912-459D-90E2-F64D7F156F7F}.Debug|x64.Build.0 = Debug|iPhone
		{B311413D-A912-459D-90E2-F64D7F156F7F}.Debug|x64.Deploy.0 = Debug|iPhone
		{B311413D-A912-459D-90E2-F64D7F156F7F}.Debug|x86.ActiveCfg = Debug|iPhone
		{B311413D-A912-459D-90E2-F64D7F156F7F}.Debug|x86.Build.0 = Debug|iPhone
		{B311413D-A912-459D-90E2-F64D7F156F7F}.Debug|x86.Deploy.0 = Debug|iPhone
		{B311413D-A912-459D-90E2-F64D7F156F7F}.Release|Any CPU.ActiveCfg = Release|iPhone
		{B311413D-A912-459D-90E2-F64D7F156F7F}.Release|Any CPU.Build.0 = Release|iPhone
		{B311413D-A912-459D-90E2-F64D7F156F7F}.Release|Any CPU.Deploy.0 = Release|iPhone
		{B311413D-A912-459D-90E2-F64D7F156F7F}.Release|ARM.ActiveCfg = Release|iPhone
		{B311413D-A912-459D-90E2-F64D7F156F7F}.Release|ARM.Build.0 = Release|iPhone
		{B311413D-A912-459D-90E2-F64D7F156F7F}.Release|ARM.Deploy.0 = Release|iPhone
		{B311413D-A912-459D-90E2-F64D7F156F7F}.Release|iPhone.ActiveCfg = Release|iPhone
		{B311413D-A912-459D-90E2-F64D7F156F7F}.Release|iPhone.Build.0 = Release|iPhone
		{B311413D-A912-459D-90E2-F64D7F156F7F}.Release|iPhone.Deploy.0 = Release|iPhone
		{B311413D-A912-459D-90E2-F64D7F156F7F}.Release|iPhoneSimulator.ActiveCfg = Release|iPhoneSimulator
		{B311413D-A912-459D-90E2-F64D7F156F7F}.Release|iPhoneSimulator.Build.0 = Release|iPhoneSimulator
		{B311413D-A912-459D-90E2-F64D7F156F7F}.Release|iPhoneSimulator.Deploy.0 = Release|iPhoneSimulator
		{B311413D-A912-459D-90E2-F64D7F156F7F}.Release|x64.ActiveCfg = Release|iPhone
		{B311413D-A912-459D-90E2-F64D7F156F7F}.Release|x64.Build.0 = Release|iPhone
		{B311413D-A912-459D-90E2-F64D7F156F7F}.Release|x64.Deploy.0 = Release|iPhone
		{B311413D-A912-459D-90E2-F64D7F156F7F}.Release|x86.ActiveCfg = Release|iPhone
		{B311413D-A912-459D-90E2-F64D7F156F7F}.Release|x86.Build.0 = Release|iPhone
		{B311413D-A912-459D-90E2-F64D7F156F7F}.Release|x86.Deploy.0 = Release|iPhone
		{B832AFAB-521D-45CF-A40F-B78E57B2BF7F}.Debug|Any CPU.ActiveCfg = Debug|Any CPU
		{B832AFAB-521D-45CF-A40F-B78E57B2BF7F}.Debug|Any CPU.Build.0 = Debug|Any CPU
		{B832AFAB-521D-45CF-A40F-B78E57B2BF7F}.Debug|Any CPU.Deploy.0 = Debug|Any CPU
		{B832AFAB-521D-45CF-A40F-B78E57B2BF7F}.Debug|ARM.ActiveCfg = Debug|Any CPU
		{B832AFAB-521D-45CF-A40F-B78E57B2BF7F}.Debug|ARM.Build.0 = Debug|Any CPU
		{B832AFAB-521D-45CF-A40F-B78E57B2BF7F}.Debug|ARM.Deploy.0 = Debug|Any CPU
		{B832AFAB-521D-45CF-A40F-B78E57B2BF7F}.Debug|iPhone.ActiveCfg = Debug|Any CPU
		{B832AFAB-521D-45CF-A40F-B78E57B2BF7F}.Debug|iPhone.Build.0 = Debug|Any CPU
		{B832AFAB-521D-45CF-A40F-B78E57B2BF7F}.Debug|iPhone.Deploy.0 = Debug|Any CPU
		{B832AFAB-521D-45CF-A40F-B78E57B2BF7F}.Debug|iPhoneSimulator.ActiveCfg = Debug|Any CPU
		{B832AFAB-521D-45CF-A40F-B78E57B2BF7F}.Debug|iPhoneSimulator.Build.0 = Debug|Any CPU
		{B832AFAB-521D-45CF-A40F-B78E57B2BF7F}.Debug|iPhoneSimulator.Deploy.0 = Debug|Any CPU
		{B832AFAB-521D-45CF-A40F-B78E57B2BF7F}.Debug|x64.ActiveCfg = Debug|Any CPU
		{B832AFAB-521D-45CF-A40F-B78E57B2BF7F}.Debug|x64.Build.0 = Debug|Any CPU
		{B832AFAB-521D-45CF-A40F-B78E57B2BF7F}.Debug|x64.Deploy.0 = Debug|Any CPU
		{B832AFAB-521D-45CF-A40F-B78E57B2BF7F}.Debug|x86.ActiveCfg = Debug|Any CPU
		{B832AFAB-521D-45CF-A40F-B78E57B2BF7F}.Debug|x86.Build.0 = Debug|Any CPU
		{B832AFAB-521D-45CF-A40F-B78E57B2BF7F}.Debug|x86.Deploy.0 = Debug|Any CPU
		{B832AFAB-521D-45CF-A40F-B78E57B2BF7F}.Release|Any CPU.ActiveCfg = Release|Any CPU
		{B832AFAB-521D-45CF-A40F-B78E57B2BF7F}.Release|Any CPU.Build.0 = Release|Any CPU
		{B832AFAB-521D-45CF-A40F-B78E57B2BF7F}.Release|Any CPU.Deploy.0 = Release|Any CPU
		{B832AFAB-521D-45CF-A40F-B78E57B2BF7F}.Release|ARM.ActiveCfg = Release|Any CPU
		{B832AFAB-521D-45CF-A40F-B78E57B2BF7F}.Release|ARM.Build.0 = Release|Any CPU
		{B832AFAB-521D-45CF-A40F-B78E57B2BF7F}.Release|ARM.Deploy.0 = Release|Any CPU
		{B832AFAB-521D-45CF-A40F-B78E57B2BF7F}.Release|iPhone.ActiveCfg = Release|Any CPU
		{B832AFAB-521D-45CF-A40F-B78E57B2BF7F}.Release|iPhone.Build.0 = Release|Any CPU
		{B832AFAB-521D-45CF-A40F-B78E57B2BF7F}.Release|iPhone.Deploy.0 = Release|Any CPU
		{B832AFAB-521D-45CF-A40F-B78E57B2BF7F}.Release|iPhoneSimulator.ActiveCfg = Release|Any CPU
		{B832AFAB-521D-45CF-A40F-B78E57B2BF7F}.Release|iPhoneSimulator.Build.0 = Release|Any CPU
		{B832AFAB-521D-45CF-A40F-B78E57B2BF7F}.Release|iPhoneSimulator.Deploy.0 = Release|Any CPU
		{B832AFAB-521D-45CF-A40F-B78E57B2BF7F}.Release|x64.ActiveCfg = Release|Any CPU
		{B832AFAB-521D-45CF-A40F-B78E57B2BF7F}.Release|x64.Build.0 = Release|Any CPU
		{B832AFAB-521D-45CF-A40F-B78E57B2BF7F}.Release|x64.Deploy.0 = Release|Any CPU
		{B832AFAB-521D-45CF-A40F-B78E57B2BF7F}.Release|x86.ActiveCfg = Release|Any CPU
		{B832AFAB-521D-45CF-A40F-B78E57B2BF7F}.Release|x86.Build.0 = Release|Any CPU
		{B832AFAB-521D-45CF-A40F-B78E57B2BF7F}.Release|x86.Deploy.0 = Release|Any CPU
	EndGlobalSection
	GlobalSection(SolutionProperties) = preSolution
		HideSolutionNode = FALSE
	EndGlobalSection
	GlobalSection(ExtensibilityGlobals) = postSolution
		SolutionGuid = {59EEA0C5-B79B-445D-8340-3FD36F3D4CF7}
	EndGlobalSection
EndGlobal
